Microsoft Visual Studio Solution File, Format Version 12.00
# Visual Studio Version 17
VisualStudioVersion = 17.5.2.0
MinimumVisualStudioVersion = 10.0.40219.1
Project("{2150E333-8FDC-42A3-9474-1A3956D46DE8}") = "docs", "docs", "{208BA388-4CEE-2CBF-559C-5607C099C1F8}"
EndProject
Project("{2150E333-8FDC-42A3-9474-1A3956D46DE8}") = "CSharp", "CSharp", "{2B0BAF97-0B4F-AC73-9F1F-9A8D84F88256}"
EndProject
Project("{2150E333-8FDC-42A3-9474-1A3956D46DE8}") = "inline_arrays", "inline_arrays", "{F98303F4-64A4-81DA-50C3-86492AD8A368}"
EndProject
Project("{FAE04EC0-301F-11D3-BF4B-00C04F79EFBC}") = "inline_arrays_benchmark", "docs\CSharp\inline_arrays\inline_arrays_benchmark\inline_arrays_benchmark.csproj", "{4AD16B84-0A1C-8305-1D8C-6E0DBFC070D1}"
EndProject
Global
	GlobalSection(SolutionConfigurationPlatforms) = preSolution
		Debug|Any CPU = Debug|Any CPU
		Release|Any CPU = Release|Any CPU
	EndGlobalSection
	GlobalSection(ProjectConfigurationPlatforms) = postSolution
		{4AD16B84-0A1C-8305-1D8C-6E0DBFC070D1}.Debug|Any CPU.ActiveCfg = Debug|Any CPU
		{4AD16B84-0A1C-8305-1D8C-6E0DBFC070D1}.Debug|Any CPU.Build.0 = Debug|Any CPU
		{4AD16B84-0A1C-8305-1D8C-6E0DBFC070D1}.Release|Any CPU.ActiveCfg = Release|Any CPU
		{4AD16B84-0A1C-8305-1D8C-6E0DBFC070D1}.Release|Any CPU.Build.0 = Release|Any CPU
	EndGlobalSection
	GlobalSection(SolutionProperties) = preSolution
		HideSolutionNode = FALSE
	EndGlobalSection
	GlobalSection(NestedProjects) = preSolution
		{2B0BAF97-0B4F-AC73-9F1F-9A8D84F88256} = {208BA388-4CEE-2CBF-559C-5607C099C1F8}
		{F98303F4-64A4-81DA-50C3-86492AD8A368} = {2B0BAF97-0B4F-AC73-9F1F-9A8D84F88256}
		{4AD16B84-0A1C-8305-1D8C-6E0DBFC070D1} = {F98303F4-64A4-81DA-50C3-86492AD8A368}
	EndGlobalSection
	GlobalSection(ExtensibilityGlobals) = postSolution
		SolutionGuid = {0A577AF7-077F-430B-B2D9-3712E412DF50}
	EndGlobalSection
EndGlobal
